
Microsoft Visual Studio Solution File, Format Version 12.00
# Visual Studio 15
VisualStudioVersion = 15.0.27428.2002
MinimumVisualStudioVersion = 10.0.40219.1
Project("{FAE04EC0-301F-11D3-BF4B-00C04F79EFBC}") = "SiemensPID", "SiemensPID\SiemensPID.csproj", "{0EE126A7-2A0C-4AF6-9C2E-A4531BDF1B0F}"
EndProject
Global
	GlobalSection(SolutionConfigurationPlatforms) = preSolution
		Debug|Any CPU = Debug|Any CPU
		Release|Any CPU = Release|Any CPU
	EndGlobalSection
	GlobalSection(ProjectConfigurationPlatforms) = postSolution
		{0EE126A7-2A0C-4AF6-9C2E-A4531BDF1B0F}.Debug|Any CPU.ActiveCfg = Debug|Any CPU
		{0EE126A7-2A0C-4AF6-9C2E-A4531BDF1B0F}.Debug|Any CPU.Build.0 = Debug|Any CPU
		{0EE126A7-2A0C-4AF6-9C2E-A4531BDF1B0F}.Release|Any CPU.ActiveCfg = Release|Any CPU
		{0EE126A7-2A0C-4AF6-9C2E-A4531BDF1B0F}.Release|Any CPU.Build.0 = Release|Any CPU
	EndGlobalSection
	GlobalSection(SolutionProperties) = preSolution
		HideSolutionNode = FALSE
	EndGlobalSection
	GlobalSection(ExtensibilityGlobals) = postSolution
		SolutionGuid = {2E15BD38-71DE-4769-8AC7-14E4918918DF}
	EndGlobalSection
EndGlobal
